
Microsoft Visual Studio Solution File, Format Version 12.00
# Visual Studio Version 16
VisualStudioVersion = 16.0.31729.503
MinimumVisualStudioVersion = 10.0.40219.1
Project("{FAE04EC0-301F-11D3-BF4B-00C04F79EFBC}") = "JsonArray", "JsonArray\JsonArray.csproj", "{98703346-8A0C-40EA-9E83-2FB5EDA2E733}"
EndProject
Project("{FAE04EC0-301F-11D3-BF4B-00C04F79EFBC}") = "ClassLibraryJson", "ClassLibraryJson\ClassLibraryJson.csproj", "{43806927-CFDD-4219-B222-AE6328B5C100}"
EndProject
Project("{FAE04EC0-301F-11D3-BF4B-00C04F79EFBC}") = "UnitTestProjectJson", "UnitTestProjectJson\UnitTestProjectJson.csproj", "{6E956023-C0E1-4DD7-A523-D28C82F4C0D1}"
EndProject
Global
	GlobalSection(SolutionConfigurationPlatforms) = preSolution
		Debug|Any CPU = Debug|Any CPU
		Release|Any CPU = Release|Any CPU
	EndGlobalSection
	GlobalSection(ProjectConfigurationPlatforms) = postSolution
		{98703346-8A0C-40EA-9E83-2FB5EDA2E733}.Debug|Any CPU.ActiveCfg = Debug|Any CPU
		{98703346-8A0C-40EA-9E83-2FB5EDA2E733}.Debug|Any CPU.Build.0 = Debug|Any CPU
		{98703346-8A0C-40EA-9E83-2FB5EDA2E733}.Release|Any CPU.ActiveCfg = Release|Any CPU
		{98703346-8A0C-40EA-9E83-2FB5EDA2E733}.Release|Any CPU.Build.0 = Release|Any CPU
		{43806927-CFDD-4219-B222-AE6328B5C100}.Debug|Any CPU.ActiveCfg = Debug|Any CPU
		{43806927-CFDD-4219-B222-AE6328B5C100}.Debug|Any CPU.Build.0 = Debug|Any CPU
		{43806927-CFDD-4219-B222-AE6328B5C100}.Release|Any CPU.ActiveCfg = Release|Any CPU
		{43806927-CFDD-4219-B222-AE6328B5C100}.Release|Any CPU.Build.0 = Release|Any CPU
		{6E956023-C0E1-4DD7-A523-D28C82F4C0D1}.Debug|Any CPU.ActiveCfg = Debug|Any CPU
		{6E956023-C0E1-4DD7-A523-D28C82F4C0D1}.Debug|Any CPU.Build.0 = Debug|Any CPU
		{6E956023-C0E1-4DD7-A523-D28C82F4C0D1}.Release|Any CPU.ActiveCfg = Release|Any CPU
		{6E956023-C0E1-4DD7-A523-D28C82F4C0D1}.Release|Any CPU.Build.0 = Release|Any CPU
	EndGlobalSection
	GlobalSection(SolutionProperties) = preSolution
		HideSolutionNode = FALSE
	EndGlobalSection
	GlobalSection(ExtensibilityGlobals) = postSolution
		SolutionGuid = {2389386B-BE18-417C-8F9B-CB9B52E8B245}
	EndGlobalSection
EndGlobal
